
Microsoft Visual Studio Solution File, Format Version 12.00
# Visual Studio Version 17
VisualStudioVersion = 17.4.33213.308
MinimumVisualStudioVersion = 10.0.40219.1
Project("{9A19103F-16F7-4668-BE54-9A1E7A4F7556}") = "lr-6(курсовая)", "LR-5\lr-6(курсовая).csproj", "{EEC2AB9D-7265-4222-A09E-8B211B912634}"
EndProject
Global
	GlobalSection(SolutionConfigurationPlatforms) = preSolution
		Debug|Any CPU = Debug|Any CPU
		Release|Any CPU = Release|Any CPU
	EndGlobalSection
	GlobalSection(ProjectConfigurationPlatforms) = postSolution
		{EEC2AB9D-7265-4222-A09E-8B211B912634}.Debug|Any CPU.ActiveCfg = Debug|Any CPU
		{EEC2AB9D-7265-4222-A09E-8B211B912634}.Debug|Any CPU.Build.0 = Debug|Any CPU
		{EEC2AB9D-7265-4222-A09E-8B211B912634}.Release|Any CPU.ActiveCfg = Release|Any CPU
		{EEC2AB9D-7265-4222-A09E-8B211B912634}.Release|Any CPU.Build.0 = Release|Any CPU
	EndGlobalSection
	GlobalSection(SolutionProperties) = preSolution
		HideSolutionNode = FALSE
	EndGlobalSection
	GlobalSection(ExtensibilityGlobals) = postSolution
		SolutionGuid = {EF0B478D-FAD4-4404-A13F-45706DD69164}
	EndGlobalSection
EndGlobal
